hash: d3c87485d928ef2af922b5dd38473c6a035ec9420180bb2bb7ec2f35e417bbb7
updated: 2019-10-05T01:11:52.492211-04:00
imports:
- name: github.com/gogo/protobuf
  version: 28a6bbf47e48e0b2220b2a244750b660c83d4942
  subpackages:
  - gogoproto
  - proto
  - protoc-gen-gogo/descriptor
- name: github.com/google/logger
  version: 03bdf7bcb2c4d98c8fdbf62f1473fb1303ca1c1d
- name: github.com/kthomas/go-logger
  version: 01c36065851341304751234b081327cf58728dba
- name: github.com/kthomas/go.uuid
  version: 28d1fa77e9a4efcba826a2a6c8f5a9ff6cea44a6
- name: github.com/nats-io/nats.go
  version: e2837a2879e82886f6e21715e3a0217fdc46d370
  subpackages:
  - encoders/builtin
  - util
- name: github.com/nats-io/nkeys
  version: 13b630ddaff0a6fe5e90ddfca4642014f84b4910
- name: github.com/nats-io/nuid
  version: 4b96681fa6d28dd0ab5fe79bac63b3a493d9ee94
- name: github.com/nats-io/stan.go
  version: c5efdc3e2330fb9c81f34082d0c04a8de817748a
  subpackages:
  - pb
- name: golang.org/x/crypto
  version: 4def268fd1a49955bfb3dda92fe3db4f924f2285
  subpackages:
  - ed25519
  - ed25519/internal/edwards25519
- name: golang.org/x/sys
  version: 04f50cda93cbb67f2afa353c52f342100e80e625
  subpackages:
  - windows
  - windows/registry
  - windows/svc/eventlog
testImports: []
